# This file is autogenerated, do not edit; changes may be undone by the next 'dep ensure'.


[[projects]]
  branch = "master"
  digest = "1:6da51e5ec493ad2b44cb04129e2d0a068c8fb9bd6cb5739d199573558696bb94"
  name = "github.com/Azure/go-ansiterm"
  packages = [
    ".",
    "winterm",
  ]
  pruneopts = "T"
  revision = "d6e3b3328b783f23731bc4d058875b0371ff8109"

[[projects]]
  digest = "1:ef2f0eff765cd6c60594654adc602ac5ba460462ac395c6f3c144e5bea24babe"
  name = "github.com/Microsoft/go-winio"
  packages = ["."]
  pruneopts = "T"
  revision = "1a8911d1ed007260465c3bfbbc785ac6915a0bb8"
  version = "v0.4.12"

[[projects]]
  branch = "master"
  digest = "1:7996950d6e7d367ff77af55a45a5f59aba0d15ecd4ae74697b1bda8e9f2e66ab"
  name = "github.com/agl/ed25519"
  packages = [
    ".",
    "edwards25519",
  ]
  pruneopts = "T"
  revision = "5312a61534124124185d41f09206b9fef1d88403"

[[projects]]
  branch = "master"
  digest = "1:ad4589ec239820ee99eb01c1ad47ebc5f8e02c4f5103a9b210adff9696d89f36"
  name = "github.com/beorn7/perks"
  packages = ["quantile"]
  pruneopts = "T"
  revision = "3a771d992973f24aa725d07868b467d1ddfceafb"

[[projects]]
  branch = "master"
  digest = "1:1271f7f8cc5f5b2eb0c683f92c7adf8fca1813b9da5218d6df1c9cf4bdc3f8d5"
  name = "github.com/containerd/continuity"
  packages = ["pathdriver"]
  pruneopts = "T"
  revision = "004b46473808b3e7a4a3049c20e4376c91eb966d"

[[projects]]
  digest = "1:9f42202ac457c462ad8bb9642806d275af9ab4850cf0b1960b9c6f083d4a309a"
  name = "github.com/davecgh/go-spew"
  packages = ["spew"]
  pruneopts = "T"
  revision = "8991bc29aa16c548c550c7ff78260e27b9ab7c73"
  version = "v1.1.1"

[[projects]]
  digest = "1:221414230c09af1a72deea63941bfdb2518d50a089bd636df6d55d74d0d3c931"
  name = "github.com/docker/cli"
  packages = [
    "cli",
    "cli/command",
    "cli/config",
    "cli/config/configfile",
    "cli/config/credentials",
    "cli/connhelper",
    "cli/connhelper/ssh",
    "cli/debug",
    "cli/flags",
    "cli/manifest/store",
    "cli/manifest/types",
    "cli/registry/client",
    "cli/trust",
    "opts",
    "types",
  ]
  pruneopts = "T"
  revision = "57b27434ea291cc3b86576830c26a892d2ede3af"
  version = "v18.09.4"

[[projects]]
  digest = "1:d4f83648c3259dd3d07b0f98d505d3e2d2fd0c9388671a76d0e54041b8006338"
  name = "github.com/docker/distribution"
  packages = [
    ".",
    "digestset",
    "manifest",
    "manifest/manifestlist",
    "manifest/schema2",
    "metrics",
    "reference",
    "registry/api/errcode",
    "registry/api/v2",
    "registry/client",
    "registry/client/auth",
    "registry/client/auth/challenge",
    "registry/client/transport",
    "registry/storage/cache",
    "registry/storage/cache/memory",
    "uuid",
  ]
  pruneopts = "T"
  revision = "2461543d988979529609e8cb6fca9ca190dc48da"
  version = "v2.7.1"

[[projects]]
  branch = "master"
  digest = "1:25f0dcbb511faedf236eea7c7226730eb233d9f2f7d324fc6be90492fe1cd335"
  name = "github.com/docker/docker"
  packages = [
    "api",
    "api/types",
    "api/types/blkiodev",
    "api/types/container",
    "api/types/events",
    "api/types/filters",
    "api/types/image",
    "api/types/mount",
    "api/types/network",
    "api/types/registry",
    "api/types/strslice",
    "api/types/swarm",
    "api/types/swarm/runtime",
    "api/types/time",
    "api/types/versions",
    "api/types/volume",
    "client",
    "errdefs",
    "pkg/homedir",
    "pkg/idtools",
    "pkg/ioutils",
    "pkg/jsonmessage",
    "pkg/longpath",
    "pkg/mount",
    "pkg/stringid",
    "pkg/system",
    "pkg/tarsum",
    "pkg/term",
    "pkg/term/windows",
    "registry",
    "registry/resumable",
  ]
  pruneopts = "T"
  revision = "dbe4a30928d418e0570891a09703bcbc0e4997a1"

[[projects]]
  digest = "1:523611f6876df8a1fd1aea07499e6ae33585238e8fdd8793f48a2441438a12d6"
  name = "github.com/docker/docker-credential-helpers"
  packages = [
    "client",
    "credentials",
  ]
  pruneopts = "T"
  revision = "5241b46610f2491efdf9d1c85f1ddf5b02f6d962"
  version = "v0.6.1"

[[projects]]
  digest = "1:78d55c8a6d82624d6518995a14e872265166e4bca8b53f92c970740664571638"
  name = "github.com/docker/go"
  packages = ["canonical/json"]
  pruneopts = "T"
  revision = "62e5ec7cf43f795986ec658df7cb317255772993"
  version = "v1.5.1-1"

[[projects]]
  digest = "1:b64eea95d41af3792092af9c951efcd2d8d8bfd2335c851f7afaf54d6be12c66"
  name = "github.com/docker/go-connections"
  packages = [
    "nat",
    "sockets",
    "tlsconfig",
  ]
  pruneopts = "T"
  revision = "7395e3f8aa162843a74ed6d48e79627d9792ac55"
  version = "v0.4.0"

[[projects]]
  branch = "master"
  digest = "1:2b126e77be4ab4b92cdb3924c87894dd76bf365ba282f358a13133e848aa0059"
  name = "github.com/docker/go-metrics"
  packages = ["."]
  pruneopts = "T"
  revision = "b84716841b82eab644a0c64fc8b42d480e49add5"

[[projects]]
  digest = "1:6f82cacd0af5921e99bf3f46748705239b36489464f4529a1589bc895764fb18"
  name = "github.com/docker/go-units"
  packages = ["."]
  pruneopts = "T"
  revision = "47565b4f722fb6ceae66b95f853feed578a4a51c"
  version = "v0.3.3"

[[projects]]
  digest = "1:c6e109ed32d266dea072dd6d00e3ee26fb960f86ed0ba7f6a07e5d2bfdeab868"
  name = "github.com/gogo/protobuf"
  packages = ["proto"]
  pruneopts = "T"
  revision = "ba06b47c162d49f2af050fb4c75bcbc86a159d5c"
  version = "v1.2.1"

[[projects]]
  digest = "1:c06028bbc52478d997bbc08facb0c315aabc2295094d7bf8833756aa9aa25504"
  name = "github.com/golang/protobuf"
  packages = [
    "proto",
    "ptypes",
    "ptypes/any",
    "ptypes/duration",
    "ptypes/timestamp",
  ]
  pruneopts = "T"
  revision = "b5d812f8a3706043e23a9cd5babf2e5423744d30"
  version = "v1.3.1"

[[projects]]
  digest = "1:03e234a7f71e1bab87804517e5f729b4cc3534cabd2b7cc692052282f6215192"
  name = "github.com/gorilla/mux"
  packages = ["."]
  pruneopts = "T"
  revision = "a7962380ca08b5a188038c69871b8d3fbdf31e89"
  version = "v1.7.0"

[[projects]]
  digest = "1:950caca7dfcf796419232ba996c9c3539d09f26af27ba848c4508e604c13efbb"
  name = "github.com/hashicorp/go-version"
  packages = ["."]
  pruneopts = "T"
  revision = "d40cf49b3a77bba84a7afdbd7f1dc295d114efb1"
  version = "v1.1.0"

[[projects]]
  digest = "1:870d441fe217b8e689d7949fef6e43efbc787e50f200cb1e70dbca9204a1d6be"
  name = "github.com/inconshreveable/mousetrap"
  packages = ["."]
  pruneopts = "T"
  revision = "76626ae9c91c4f2a10f34cad8ce83ea42c93bb75"
  version = "v1.0"

[[projects]]
  branch = "master"
  digest = "1:1b38c2fb861ca02b8da61a0c9b6e3a1436f41bc308bd258cabd0a928f0d45d0c"
  name = "github.com/johntdyer/slack-go"
  packages = ["."]
  pruneopts = "T"
  revision = "95fac1160b220c5abcf8b0ef88e9c3cb213c09f4"

[[projects]]
  branch = "master"
  digest = "1:7abe0d83ffb4c20fce461c314b1dc858cba274580cf1508f698b5f9fd9e1cde9"
  name = "github.com/johntdyer/slackrus"
  packages = ["."]
  pruneopts = "T"
  revision = "f7aae3243a0786c5a974bce71ed951c459876e64"

[[projects]]
  digest = "1:31e761d97c76151dde79e9d28964a812c46efc5baee4085b86f68f0c654450de"
  name = "github.com/konsorten/go-windows-terminal-sequences"
  packages = ["."]
  pruneopts = "T"
  revision = "f55edac94c9bbba5d6182a4be46d86a2c9b5b50e"
  version = "v1.0.2"

[[projects]]
  digest = "1:a8e3d14801bed585908d130ebfc3b925ba642208e6f30d879437ddfc7bb9b413"
  name = "github.com/matttproud/golang_protobuf_extensions"
  packages = ["pbutil"]
  pruneopts = "T"
  revision = "c12348ce28de40eed0136aa2b644d0ee0650e56c"
  version = "v1.0.1"

[[projects]]
  branch = "master"
  digest = "1:13a398e7e452ffc4a194c3fa4c63ecccaba5e68f72fec3919d33a359d550cb4a"
  name = "github.com/miekg/pkcs11"
  packages = ["."]
  pruneopts = "T"
  revision = "553cfdd26aaafe851ca66a5e8015f0decb6b5a1e"

[[projects]]
  branch = "master"
  digest = "1:aa3fad6856cba7b9cd0e3ebdac9ca4cf2292207a344c197df896667cd10d5995"
  name = "github.com/morikuni/aec"
  packages = ["."]
  pruneopts = "T"
  revision = "39771216ff4c63d11f5e604076f9c45e8be1067b"

[[projects]]
  digest = "1:ee4d4af67d93cc7644157882329023ce9a7bcfce956a079069a9405521c7cc8d"
  name = "github.com/opencontainers/go-digest"
  packages = ["."]
  pruneopts = "T"
  revision = "279bed98673dd5bef374d3b6e4b09e2af76183bf"
  version = "v1.0.0-rc1"

[[projects]]
  digest = "1:eb47da2fdabb69f64ce3a42a1790ec0ed9da6718c8378f3fdc41cbe6af184519"
  name = "github.com/opencontainers/image-spec"
  packages = [
    "specs-go",
    "specs-go/v1",
  ]
  pruneopts = "T"
  revision = "d60099175f88c47cd379c4738d158884749ed235"
  version = "v1.0.1"

[[projects]]
  digest = "1:52254f0d6ce1358972c08cb1ecd91a449af3a7f927f829abec962613fb167403"
  name = "github.com/opencontainers/runc"
  packages = ["libcontainer/user"]
  pruneopts = "T"
  revision = "baf6536d6259209c3edfa2b22237af82942d3dfa"
  version = "v0.1.1"

[[projects]]
  digest = "1:cf31692c14422fa27c83a05292eb5cbe0fb2775972e8f1f8446a71549bd8980b"
  name = "github.com/pkg/errors"
  packages = ["."]
  pruneopts = "T"
  revision = "ba968bfe8b2f7e042a574c888954fccecfa385b4"
  version = "v0.8.1"

[[projects]]
  digest = "1:22aa691fe0213cb5c07d103f9effebcb7ad04bee45a0ce5fe5369d0ca2ec3a1f"
  name = "github.com/pmezard/go-difflib"
  packages = ["difflib"]
  pruneopts = "T"
  revision = "792786c7400a136282c1664665ae0a8db921c6c2"
  version = "v1.0.0"

[[projects]]
  digest = "1:3b5729e3fc486abc6fc16ce026331c3d196e788c3b973081ecf5d28ae3e1050d"
  name = "github.com/prometheus/client_golang"
  packages = [
    "prometheus",
    "prometheus/internal",
    "prometheus/promhttp",
  ]
  pruneopts = "T"
  revision = "505eaef017263e299324067d40ca2c48f6a2cf50"
  version = "v0.9.2"

[[projects]]
  branch = "master"
  digest = "1:cd67319ee7536399990c4b00fae07c3413035a53193c644549a676091507cadc"
  name = "github.com/prometheus/client_model"
  packages = ["go"]
  pruneopts = "T"
  revision = "fd36f4220a901265f90734c3183c5f0c91daa0b8"

[[projects]]
  digest = "1:1688d03416102590c2a93f23d44e4297cb438bff146830aae35e66b33c9af114"
  name = "github.com/prometheus/common"
  packages = [
    "expfmt",
    "internal/bitbucket.org/ww/goautoneg",
    "model",
  ]
  pruneopts = "T"
  revision = "cfeb6f9992ffa54aaa4f2170ade4067ee478b250"
  version = "v0.2.0"

[[projects]]
  branch = "master"
  digest = "1:f78565145ef55f76007868ea300a9d42444c305b869e1141ad16843fbf64c785"
  name = "github.com/prometheus/procfs"
  packages = ["."]
  pruneopts = "T"
  revision = "ea9eea63887261e4d8ed8315f4078e88d540c725"

[[projects]]
  digest = "1:ed615c5430ecabbb0fb7629a182da65ecee6523900ac1ac932520860878ffcad"
  name = "github.com/robfig/cron"
  packages = ["."]
  pruneopts = "T"
  revision = "b41be1df696709bb6395fe435af20370037c0b4c"
  version = "v1.1"

[[projects]]
  digest = "1:c3498d1186a4f84897812aa2dccfbd5d805955846f2cd020aa384bf0b218e9e9"
  name = "github.com/sirupsen/logrus"
  packages = ["."]
  pruneopts = "T"
  revision = "8bdbc7bcc01dcbb8ec23dc8a28e332258d25251f"
  version = "v1.4.1"

[[projects]]
  digest = "1:8be8b3743fc9795ec21bbd3e0fc28ff6234018e1a269b0a7064184be95ac13e0"
  name = "github.com/spf13/cobra"
  packages = ["."]
  pruneopts = "T"
  revision = "ef82de70bb3f60c65fb8eebacbb2d122ef517385"
  version = "v0.0.3"

[[projects]]
  digest = "1:0f775ea7a72e30d5574267692aaa9ff265aafd15214a7ae7db26bc77f2ca04dc"
  name = "github.com/spf13/pflag"
  packages = ["."]
  pruneopts = "T"
  revision = "298182f68c66c05229eb03ac171abe6e309ee79a"
  version = "v1.0.3"

[[projects]]
  digest = "1:8d58d88a7b2a7440509bee60f3e865773e8f79e622817ddb63ba3cda9efba25a"
  name = "github.com/stretchr/objx"
  packages = ["."]
  pruneopts = "T"
  revision = "477a77ecc69700c7cdeb1fa9e129548e1c1c393c"
  version = "v0.1.1"

[[projects]]
  digest = "1:17c4ccf5cdb1627aaaeb5c1725cb13aec97b63ea2033d4a6824dcaedf94223dc"
  name = "github.com/stretchr/testify"
  packages = [
    "assert",
    "mock",
  ]
  pruneopts = "T"
  revision = "ffdc059bfe9ce6a4e144ba849dbedead332c6053"
  version = "v1.3.0"

[[projects]]
  digest = "1:d30c1fb06a1564b78447922a70b18026612ef4a56dc50ab63333e060fd81a666"
  name = "github.com/theupdateframework/notary"
  packages = [
    ".",
    "client",
    "client/changelist",
    "cryptoservice",
    "passphrase",
    "storage",
    "trustmanager",
    "trustmanager/yubikey",
    "trustpinning",
    "tuf",
    "tuf/data",
    "tuf/signed",
    "tuf/utils",
    "tuf/validation",
  ]
  pruneopts = "T"
  revision = "d6e1431feb32348e0650bf7551ac5cffd01d857b"
  version = "v0.6.1"

[[projects]]
  digest = "1:a4ef215bd846f9407d095f526879cb232330e1e7a748c70e384f775a6a64fd3e"
  name = "github.com/urfave/cli"
  packages = ["."]
  pruneopts = "T"
  revision = "cfb38830724cc34fedffe9a2a29fb54fa9169cd1"
  version = "v1.20.0"

[[projects]]
  branch = "master"
  digest = "1:9e0797382899135aae55eb187734c47ab016a675cf772aeeebe5c4e5b7195b0b"
  name = "golang.org/x/crypto"
  packages = [
    "pbkdf2",
    "ssh/terminal",
  ]
  pruneopts = "T"
  revision = "8e1b8d32e692162a446e97250c5d34f5a52efed6"

[[projects]]
  branch = "master"
  digest = "1:1cbb0d15f83c1f415675143a3f57ae2f236a0f4df5c71c7308a3931f6bb13c2c"
  name = "golang.org/x/net"
  packages = [
    "context",
    "internal/socks",
    "proxy",
  ]
  pruneopts = "T"
  revision = "b630fd6fe46bcfc98f989005d8b8ec1400e60a6e"

[[projects]]
  branch = "master"
  digest = "1:6890bf731a84367f08bc6c4a2749a99da63888a2b7a2b8bd75c817febe2fb575"
  name = "golang.org/x/sys"
  packages = [
    "unix",
    "windows",
  ]
  pruneopts = "T"
  revision = "81d4e9dc473e5e8c933f2aaeba2a3d81efb9aed2"

[[projects]]
  branch = "master"
  digest = "1:8cdef6da940ed0c6146559d452b3665683f56d276ed0b0455c461411e9476b81"
  name = "google.golang.org/genproto"
  packages = ["googleapis/rpc/status"]
  pruneopts = "T"
  revision = "f467c93bbac2133ff463e1f93d18d8f9f3f04451"

[[projects]]
  digest = "1:b04021350c1a0c479ca3be11b9d30d315a7a40b161a7cdbf3da7dd217e1cd06c"
  name = "google.golang.org/grpc"
  packages = [
    "codes",
    "status",
  ]
  pruneopts = "T"
  revision = "3507fb8e1a5ad030303c106fef3a47c9fdad16ad"
  version = "v1.19.1"

[solve-meta]
  analyzer-name = "dep"
  analyzer-version = 1
  input-imports = [
    "github.com/docker/cli/cli/command",
    "github.com/docker/cli/cli/config",
    "github.com/docker/cli/cli/config/configfile",
    "github.com/docker/cli/cli/config/credentials",
    "github.com/docker/docker/api/types",
    "github.com/docker/docker/api/types/container",
    "github.com/docker/docker/api/types/network",
    "github.com/docker/docker/client",
    "github.com/johntdyer/slackrus",
    "github.com/robfig/cron",
    "github.com/sirupsen/logrus",
    "github.com/stretchr/testify/assert",
    "github.com/stretchr/testify/mock",
    "github.com/urfave/cli",
    "golang.org/x/net/context",
  ]
  solver-name = "gps-cdcl"
  solver-version = 1
